
Microsoft Visual Studio Solution File, Format Version 12.00
# Visual Studio 15
VisualStudioVersion = 15.0.26124.0
MinimumVisualStudioVersion = 15.0.26124.0
Project("{FAE04EC0-301F-11D3-BF4B-00C04F79EFBC}") = "razor_template_example.console", "razor_template_example.console\razor_template_example.console.csproj", "{8316611D-D73E-40E2-821D-76B5A5ACF37D}"
EndProject
Project("{FAE04EC0-301F-11D3-BF4B-00C04F79EFBC}") = "razor_template_example.web", "razor_template_example.web\razor_template_example.web.csproj", "{C1BC62E9-3661-45B4-B3DA-9FE160164A80}"
EndProject
Project("{FAE04EC0-301F-11D3-BF4B-00C04F79EFBC}") = "razor_template_example.services", "razor_template_example.services\razor_template_example.services.csproj", "{1F67F2D1-3023-4136-A4AA-6B70C34191B5}"
EndProject
Global
	GlobalSection(SolutionConfigurationPlatforms) = preSolution
		Debug|Any CPU = Debug|Any CPU
		Debug|x64 = Debug|x64
		Debug|x86 = Debug|x86
		Release|Any CPU = Release|Any CPU
		Release|x64 = Release|x64
		Release|x86 = Release|x86
	EndGlobalSection
	GlobalSection(SolutionProperties) = preSolution
		HideSolutionNode = FALSE
	EndGlobalSection
	GlobalSection(ProjectConfigurationPlatforms) = postSolution
		{8316611D-D73E-40E2-821D-76B5A5ACF37D}.Debug|Any CPU.ActiveCfg = Debug|Any CPU
		{8316611D-D73E-40E2-821D-76B5A5ACF37D}.Debug|Any CPU.Build.0 = Debug|Any CPU
		{8316611D-D73E-40E2-821D-76B5A5ACF37D}.Debug|x64.ActiveCfg = Debug|Any CPU
		{8316611D-D73E-40E2-821D-76B5A5ACF37D}.Debug|x64.Build.0 = Debug|Any CPU
		{8316611D-D73E-40E2-821D-76B5A5ACF37D}.Debug|x86.ActiveCfg = Debug|Any CPU
		{8316611D-D73E-40E2-821D-76B5A5ACF37D}.Debug|x86.Build.0 = Debug|Any CPU
		{8316611D-D73E-40E2-821D-76B5A5ACF37D}.Release|Any CPU.ActiveCfg = Release|Any CPU
		{8316611D-D73E-40E2-821D-76B5A5ACF37D}.Release|Any CPU.Build.0 = Release|Any CPU
		{8316611D-D73E-40E2-821D-76B5A5ACF37D}.Release|x64.ActiveCfg = Release|Any CPU
		{8316611D-D73E-40E2-821D-76B5A5ACF37D}.Release|x64.Build.0 = Release|Any CPU
		{8316611D-D73E-40E2-821D-76B5A5ACF37D}.Release|x86.ActiveCfg = Release|Any CPU
		{8316611D-D73E-40E2-821D-76B5A5ACF37D}.Release|x86.Build.0 = Release|Any CPU
		{C1BC62E9-3661-45B4-B3DA-9FE160164A80}.Debug|Any CPU.ActiveCfg = Debug|Any CPU
		{C1BC62E9-3661-45B4-B3DA-9FE160164A80}.Debug|Any CPU.Build.0 = Debug|Any CPU
		{C1BC62E9-3661-45B4-B3DA-9FE160164A80}.Debug|x64.ActiveCfg = Debug|Any CPU
		{C1BC62E9-3661-45B4-B3DA-9FE160164A80}.Debug|x64.Build.0 = Debug|Any CPU
		{C1BC62E9-3661-45B4-B3DA-9FE160164A80}.Debug|x86.ActiveCfg = Debug|Any CPU
		{C1BC62E9-3661-45B4-B3DA-9FE160164A80}.Debug|x86.Build.0 = Debug|Any CPU
		{C1BC62E9-3661-45B4-B3DA-9FE160164A80}.Release|Any CPU.ActiveCfg = Release|Any CPU
		{C1BC62E9-3661-45B4-B3DA-9FE160164A80}.Release|Any CPU.Build.0 = Release|Any CPU
		{C1BC62E9-3661-45B4-B3DA-9FE160164A80}.Release|x64.ActiveCfg = Release|Any CPU
		{C1BC62E9-3661-45B4-B3DA-9FE160164A80}.Release|x64.Build.0 = Release|Any CPU
		{C1BC62E9-3661-45B4-B3DA-9FE160164A80}.Release|x86.ActiveCfg = Release|Any CPU
		{C1BC62E9-3661-45B4-B3DA-9FE160164A80}.Release|x86.Build.0 = Release|Any CPU
		{1F67F2D1-3023-4136-A4AA-6B70C34191B5}.Debug|Any CPU.ActiveCfg = Debug|Any CPU
		{1F67F2D1-3023-4136-A4AA-6B70C34191B5}.Debug|Any CPU.Build.0 = Debug|Any CPU
		{1F67F2D1-3023-4136-A4AA-6B70C34191B5}.Debug|x64.ActiveCfg = Debug|Any CPU
		{1F67F2D1-3023-4136-A4AA-6B70C34191B5}.Debug|x64.Build.0 = Debug|Any CPU
		{1F67F2D1-3023-4136-A4AA-6B70C34191B5}.Debug|x86.ActiveCfg = Debug|Any CPU
		{1F67F2D1-3023-4136-A4AA-6B70C34191B5}.Debug|x86.Build.0 = Debug|Any CPU
		{1F67F2D1-3023-4136-A4AA-6B70C34191B5}.Release|Any CPU.ActiveCfg = Release|Any CPU
		{1F67F2D1-3023-4136-A4AA-6B70C34191B5}.Release|Any CPU.Build.0 = Release|Any CPU
		{1F67F2D1-3023-4136-A4AA-6B70C34191B5}.Release|x64.ActiveCfg = Release|Any CPU
		{1F67F2D1-3023-4136-A4AA-6B70C34191B5}.Release|x64.Build.0 = Release|Any CPU
		{1F67F2D1-3023-4136-A4AA-6B70C34191B5}.Release|x86.ActiveCfg = Release|Any CPU
		{1F67F2D1-3023-4136-A4AA-6B70C34191B5}.Release|x86.Build.0 = Release|Any CPU
	EndGlobalSection
EndGlobal
